
Microsoft Visual Studio Solution File, Format Version 12.00
# Visual Studio Version 16
VisualStudioVersion = 16.0.31624.102
MinimumVisualStudioVersion = 10.0.40219.1
Project("{FAE04EC0-301F-11D3-BF4B-00C04F79EFBC}") = "ComponentesTarea1", "ComponentesTarea1.csproj", "{1E8112D0-A38C-46AD-9082-688E3EAC151D}"
EndProject
Global
	GlobalSection(SolutionConfigurationPlatforms) = preSolution
		Debug|Any CPU = Debug|Any CPU
		Release|Any CPU = Release|Any CPU
	EndGlobalSection
	GlobalSection(ProjectConfigurationPlatforms) = postSolution
		{1E8112D0-A38C-46AD-9082-688E3EAC151D}.Debug|Any CPU.ActiveCfg = Debug|Any CPU
		{1E8112D0-A38C-46AD-9082-688E3EAC151D}.Debug|Any CPU.Build.0 = Debug|Any CPU
		{1E8112D0-A38C-46AD-9082-688E3EAC151D}.Release|Any CPU.ActiveCfg = Release|Any CPU
		{1E8112D0-A38C-46AD-9082-688E3EAC151D}.Release|Any CPU.Build.0 = Release|Any CPU
	EndGlobalSection
	GlobalSection(SolutionProperties) = preSolution
		HideSolutionNode = FALSE
	EndGlobalSection
	GlobalSection(ExtensibilityGlobals) = postSolution
		SolutionGuid = {B2050E61-4974-438C-8C35-B43490D896FC}
	EndGlobalSection
EndGlobal
